
Microsoft Visual Studio Solution File, Format Version 12.00
# Visual Studio Version 16
VisualStudioVersion = 16.0.30114.105
MinimumVisualStudioVersion = 10.0.40219.1
Project("{2150E333-8FDC-42A3-9474-1A3956D46DE8}") = "TicTacToe", "TicTacToe", "{68C554DA-C46B-4D19-BDC2-A7578A670B1B}"
EndProject
Project("{FAE04EC0-301F-11D3-BF4B-00C04F79EFBC}") = "Game", "TicTacToe\Game\Game.csproj", "{743651A6-3940-4BA2-A723-824065263FF3}"
EndProject
Global
	GlobalSection(SolutionConfigurationPlatforms) = preSolution
		Debug|Any CPU = Debug|Any CPU
		Release|Any CPU = Release|Any CPU
	EndGlobalSection
	GlobalSection(SolutionProperties) = preSolution
		HideSolutionNode = FALSE
	EndGlobalSection
	GlobalSection(ProjectConfigurationPlatforms) = postSolution
		{743651A6-3940-4BA2-A723-824065263FF3}.Debug|Any CPU.ActiveCfg = Debug|Any CPU
		{743651A6-3940-4BA2-A723-824065263FF3}.Debug|Any CPU.Build.0 = Debug|Any CPU
		{743651A6-3940-4BA2-A723-824065263FF3}.Release|Any CPU.ActiveCfg = Release|Any CPU
		{743651A6-3940-4BA2-A723-824065263FF3}.Release|Any CPU.Build.0 = Release|Any CPU
	EndGlobalSection
	GlobalSection(NestedProjects) = preSolution
		{743651A6-3940-4BA2-A723-824065263FF3} = {68C554DA-C46B-4D19-BDC2-A7578A670B1B}
	EndGlobalSection
EndGlobal
